{
  "nodes": {
    "nixpkgs": {
      "locked": {
        "lastModified": 1786599213,
        "narHash": "sha256-yNJd40f11EzXBjSByCB7IPpeFFAdeoSKKM67dGkfFoU=",
        "owner": "NixOS",
        "repo": "nixpkgs",
        "rev": "0e251e24a4f24e036a084b6b4b2d2491af4167f4",
        "type": "github"
      },
      "original": {
        "owner": "NixOS",
        "ref": "nixos-unstable",
        "repo": "nixpkgs",
        "type": "github"
      }
    },
    "root": {
      "inputs": {
        "teaching": "teaching"
      }
    },
    "teaching": {
      "inputs": {
        "nixpkgs": "nixpkgs"
      },
      "locked": {
        "lastModified": 1786815104,
        "narHash": "sha256-6KG++P26h/RWp8kO3bceke0OXhaX77JY4zCaF78tMLQ=",
        "owner": "mbr085",
        "repo": "TeachingEnvironment",
        "rev": "f2abef20f217861163ee2a1eb207cd9e230f22cc",
        "type": "github"
      },
      "original": {
        "owner": "mbr085",
        "repo": "TeachingEnvironment",
        "type": "github"
      }
    }
  },
  "root": "root",
  "version": 7
}
